// !$*UTF8*$!
{
	archiveVersion = 1;
	classes = {
	};
	objectVersion = 56;
	objects = {

/* Begin PBXBuildFile section */
		EA7E735D298594D500C662F8 /* MyNextWeekApp.swift in Sources */ = {isa = PBXBuildFile; fileRef = EA7E735C298594D500C662F8 /* MyNextWeekApp.swift */; };
		EA7E735F298594D500C662F8 /* ActionTypesView.swift in Sources */ = {isa = PBXBuildFile; fileRef = EA7E735E298594D500C662F8 /* ActionTypesView.swift */; };
		EA7E7361298594D700C662F8 /* Assets.xcassets in Resources */ = {isa = PBXBuildFile; fileRef = EA7E7360298594D700C662F8 /* Assets.xcassets */; };
		EA7E7364298594D700C662F8 /* Preview Assets.xcassets in Resources */ = {isa = PBXBuildFile; fileRef = EA7E7363298594D700C662F8 /* Preview Assets.xcassets */; };
		EAC427FD2989CB0D00F0B2F0 /* ActionTypesViewModelTests.swift in Sources */ = {isa = PBXBuildFile; fileRef = EAC427FC2989CB0D00F0B2F0 /* ActionTypesViewModelTests.swift */; };
		EAC428042989CFB900F0B2F0 /* UserDefaultsType.swift in Sources */ = {isa = PBXBuildFile; fileRef = EAC428032989CFB900F0B2F0 /* UserDefaultsType.swift */; };
		EAC428062989D45600F0B2F0 /* AddActionViewModelTests.swift in Sources */ = {isa = PBXBuildFile; fileRef = EAC428052989D45600F0B2F0 /* AddActionViewModelTests.swift */; };
		EAC428082989D53000F0B2F0 /* EventStorable.swift in Sources */ = {isa = PBXBuildFile; fileRef = EAC428072989D53000F0B2F0 /* EventStorable.swift */; };
		EAEA227F2986956400561B57 /* Colours.xcassets in Resources */ = {isa = PBXBuildFile; fileRef = EAEA227E2986956400561B57 /* Colours.xcassets */; };
		EAEA22812986D79C00561B57 /* ActionTypesViewModel.swift in Sources */ = {isa = PBXBuildFile; fileRef = EAEA22802986D79C00561B57 /* ActionTypesViewModel.swift */; };
		EAEA22832986EBAA00561B57 /* ActionType.swift in Sources */ = {isa = PBXBuildFile; fileRef = EAEA22822986EBAA00561B57 /* ActionType.swift */; };
		EAFA49E129859C8500115670 /* AddActionView.swift in Sources */ = {isa = PBXBuildFile; fileRef = EAFA49E029859C8500115670 /* AddActionView.swift */; };
		EAFA49E329859F7200115670 /* ActionDimension.swift in Sources */ = {isa = PBXBuildFile; fileRef = EAFA49E229859F7200115670 /* ActionDimension.swift */; };
		EAFA49E52985C71800115670 /* EventEditView.swift in Sources */ = {isa = PBXBuildFile; fileRef = EAFA49E42985C71800115670 /* EventEditView.swift */; };
		EAFA49E72985D08900115670 /* DayButton.swift in Sources */ = {isa = PBXBuildFile; fileRef = EAFA49E62985D08900115670 /* DayButton.swift */; };
		EAFA49E92985D3E300115670 /* AddActionViewModel.swift in Sources */ = {isa = PBXBuildFile; fileRef = EAFA49E82985D3E300115670 /* AddActionViewModel.swift */; };
		EAFA49EE2985E3F600115670 /* AddActionTypeView.swift in Sources */ = {isa = PBXBuildFile; fileRef = EAFA49ED2985E3F600115670 /* AddActionTypeView.swift */; };
/* End PBXBuildFile section */

/* Begin PBXContainerItemProxy section */
		EAC427FE2989CB0D00F0B2F0 /* PBXContainerItemProxy */ = {
			isa = PBXContainerItemProxy;
			containerPortal = EA7E7351298594D500C662F8 /* Project object */;
			proxyType = 1;
			remoteGlobalIDString = EA7E7358298594D500C662F8;
			remoteInfo = MyNextWeek;
		};
/* End PBXContainerItemProxy section */

/* Begin PBXFileReference section */
		EA7E7359298594D500C662F8 /* MyNextWeek.app */ = {isa = PBXFileReference; explicitFileType = wrapper.application; includeInIndex = 0; path = MyNextWeek.app; sourceTree = BUILT_PRODUCTS_DIR; };
		EA7E735C298594D500C662F8 /* MyNextWeekApp.swift */ = {isa = PBXFileReference; lastKnownFileType = sourcecode.swift; path = MyNextWeekApp.swift; sourceTree = "<group>"; };
		EA7E735E298594D500C662F8 /* ActionTypesView.swift */ = {isa = PBXFileReference; lastKnownFileType = sourcecode.swift; path = ActionTypesView.swift; sourceTree = "<group>"; };
		EA7E7360298594D700C662F8 /* Assets.xcassets */ = {isa = PBXFileReference; lastKnownFileType = folder.assetcatalog; path = Assets.xcassets; sourceTree = "<group>"; };
		EA7E7363298594D700C662F8 /* Preview Assets.xcassets */ = {isa = PBXFileReference; lastKnownFileType = folder.assetcatalog; path = "Preview Assets.xcassets"; sourceTree = "<group>"; };
		EAC427FA2989CB0D00F0B2F0 /* MyNextWeekTests.xctest */ = {isa = PBXFileReference; explicitFileType = wrapper.cfbundle; includeInIndex = 0; path = MyNextWeekTests.xctest; sourceTree = BUILT_PRODUCTS_DIR; };
		EAC427FC2989CB0D00F0B2F0 /* ActionTypesViewModelTests.swift */ = {isa = PBXFileReference; lastKnownFileType = sourcecode.swift; path = ActionTypesViewModelTests.swift; sourceTree = "<group>"; };
		EAC428032989CFB900F0B2F0 /* UserDefaultsType.swift */ = {isa = PBXFileReference; lastKnownFileType = sourcecode.swift; path = UserDefaultsType.swift; sourceTree = "<group>"; };
		EAC428052989D45600F0B2F0 /* AddActionViewModelTests.swift */ = {isa = PBXFileReference; lastKnownFileType = sourcecode.swift; path = AddActionViewModelTests.swift; sourceTree = "<group>"; };
		EAC428072989D53000F0B2F0 /* EventStorable.swift */ = {isa = PBXFileReference; lastKnownFileType = sourcecode.swift; path = EventStorable.swift; sourceTree = "<group>"; };
		EAEA227E2986956400561B57 /* Colours.xcassets */ = {isa = PBXFileReference; lastKnownFileType = folder.assetcatalog; path = Colours.xcassets; sourceTree = "<group>"; };
		EAEA22802986D79C00561B57 /* ActionTypesViewModel.swift */ = {isa = PBXFileReference; lastKnownFileType = sourcecode.swift; path = ActionTypesViewModel.swift; sourceTree = "<group>"; };
		EAEA22822986EBAA00561B57 /* ActionType.swift */ = {isa = PBXFileReference; lastKnownFileType = sourcecode.swift; path = ActionType.swift; sourceTree = "<group>"; };
		EAFA49E029859C8500115670 /* AddActionView.swift */ = {isa = PBXFileReference; lastKnownFileType = sourcecode.swift; path = AddActionView.swift; sourceTree = "<group>"; };
		EAFA49E229859F7200115670 /* ActionDimension.swift */ = {isa = PBXFileReference; lastKnownFileType = sourcecode.swift; path = ActionDimension.swift; sourceTree = "<group>"; };
		EAFA49E42985C71800115670 /* EventEditView.swift */ = {isa = PBXFileReference; lastKnownFileType = sourcecode.swift; path = EventEditView.swift; sourceTree = "<group>"; };
		EAFA49E62985D08900115670 /* DayButton.swift */ = {isa = PBXFileReference; lastKnownFileType = sourcecode.swift; path = DayButton.swift; sourceTree = "<group>"; };
		EAFA49E82985D3E300115670 /* AddActionViewModel.swift */ = {isa = PBXFileReference; lastKnownFileType = sourcecode.swift; path = AddActionViewModel.swift; sourceTree = "<group>"; };
		EAFA49ED2985E3F600115670 /* AddActionTypeView.swift */ = {isa = PBXFileReference; lastKnownFileType = sourcecode.swift; path = AddActionTypeView.swift; sourceTree = "<group>"; };
/* End PBXFileReference section */

/* Begin PBXFrameworksBuildPhase section */
		EA7E7356298594D500C662F8 /* Frameworks */ = {
			isa = PBXFrameworksBuildPhase;
			buildActionMask = 2147483647;
			files = (
			);
			runOnlyForDeploymentPostprocessing = 0;
		};
		EAC427F72989CB0D00F0B2F0 /* Frameworks */ = {
			isa = PBXFrameworksBuildPhase;
			buildActionMask = 2147483647;
			files = (
			);
			runOnlyForDeploymentPostprocessing = 0;
		};
/* End PBXFrameworksBuildPhase section */

/* Begin PBXGroup section */
		EA7E7350298594D500C662F8 = {
			isa = PBXGroup;
			children = (
				EA7E735B298594D500C662F8 /* MyNextWeek */,
				EAC427FB2989CB0D00F0B2F0 /* MyNextWeekTests */,
				EA7E735A298594D500C662F8 /* Products */,
			);
			sourceTree = "<group>";
		};
		EA7E735A298594D500C662F8 /* Products */ = {
			isa = PBXGroup;
			children = (
				EA7E7359298594D500C662F8 /* MyNextWeek.app */,
				EAC427FA2989CB0D00F0B2F0 /* MyNextWeekTests.xctest */,
			);
			name = Products;
			sourceTree = "<group>";
		};
		EA7E735B298594D500C662F8 /* MyNextWeek */ = {
			isa = PBXGroup;
			children = (
				EA7E735C298594D500C662F8 /* MyNextWeekApp.swift */,
				EAFA49EA2985E20D00115670 /* ActionTypesView */,
				EAFA49EC2985E3E200115670 /* AddActionTypeView */,
				EAFA49EB2985E21C00115670 /* AddActionView */,
				EA7E7360298594D700C662F8 /* Assets.xcassets */,
				EAEA227E2986956400561B57 /* Colours.xcassets */,
				EA7E7362298594D700C662F8 /* Preview Content */,
			);
			path = MyNextWeek;
			sourceTree = "<group>";
		};
		EA7E7362298594D700C662F8 /* Preview Content */ = {
			isa = PBXGroup;
			children = (
				EA7E7363298594D700C662F8 /* Preview Assets.xcassets */,
			);
			path = "Preview Content";
			sourceTree = "<group>";
		};
		EAC427FB2989CB0D00F0B2F0 /* MyNextWeekTests */ = {
			isa = PBXGroup;
			children = (
				EAC427FC2989CB0D00F0B2F0 /* ActionTypesViewModelTests.swift */,
				EAC428052989D45600F0B2F0 /* AddActionViewModelTests.swift */,
			);
			path = MyNextWeekTests;
			sourceTree = "<group>";
		};
		EAFA49EA2985E20D00115670 /* ActionTypesView */ = {
			isa = PBXGroup;
			children = (
				EAFA49E229859F7200115670 /* ActionDimension.swift */,
				EAC428032989CFB900F0B2F0 /* UserDefaultsType.swift */,
				EAEA22822986EBAA00561B57 /* ActionType.swift */,
				EA7E735E298594D500C662F8 /* ActionTypesView.swift */,
				EAEA22802986D79C00561B57 /* ActionTypesViewModel.swift */,
			);
			path = ActionTypesView;
			sourceTree = "<group>";
		};
		EAFA49EB2985E21C00115670 /* AddActionView */ = {
			isa = PBXGroup;
			children = (
				EAFA49E029859C8500115670 /* AddActionView.swift */,
				EAFA49E82985D3E300115670 /* AddActionViewModel.swift */,
				EAC428072989D53000F0B2F0 /* EventStorable.swift */,
				EAFA49E62985D08900115670 /* DayButton.swift */,
				EAFA49E42985C71800115670 /* EventEditView.swift */,
			);
			path = AddActionView;
			sourceTree = "<group>";
		};
		EAFA49EC2985E3E200115670 /* AddActionTypeView */ = {
			isa = PBXGroup;
			children = (
				EAFA49ED2985E3F600115670 /* AddActionTypeView.swift */,
			);
			path = AddActionTypeView;
			sourceTree = "<group>";
		};
/* End PBXGroup section */

/* Begin PBXNativeTarget section */
		EA7E7358298594D500C662F8 /* MyNextWeek */ = {
			isa = PBXNativeTarget;
			buildConfigurationList = EA7E7367298594D700C662F8 /* Build configuration list for PBXNativeTarget "MyNextWeek" */;
			buildPhases = (
				EA7E7355298594D500C662F8 /* Sources */,
				EA7E7356298594D500C662F8 /* Frameworks */,
				EA7E7357298594D500C662F8 /* Resources */,
			);
			buildRules = (
			);
			dependencies = (
			);
			name = MyNextWeek;
			productName = MyNextWeek;
			productReference = EA7E7359298594D500C662F8 /* MyNextWeek.app */;
			productType = "com.apple.product-type.application";
		};
		EAC427F92989CB0D00F0B2F0 /* MyNextWeekTests */ = {
			isa = PBXNativeTarget;
			buildConfigurationList = EAC428002989CB0D00F0B2F0 /* Build configuration list for PBXNativeTarget "MyNextWeekTests" */;
			buildPhases = (
				EAC427F62989CB0D00F0B2F0 /* Sources */,
				EAC427F72989CB0D00F0B2F0 /* Frameworks */,
				EAC427F82989CB0D00F0B2F0 /* Resources */,
			);
			buildRules = (
			);
			dependencies = (
				EAC427FF2989CB0D00F0B2F0 /* PBXTargetDependency */,
			);
			name = MyNextWeekTests;
			productName = MyNextWeekTests;
			productReference = EAC427FA2989CB0D00F0B2F0 /* MyNextWeekTests.xctest */;
			productType = "com.apple.product-type.bundle.unit-test";
		};
/* End PBXNativeTarget section */

/* Begin PBXProject section */
		EA7E7351298594D500C662F8 /* Project object */ = {
			isa = PBXProject;
			attributes = {
				BuildIndependentTargetsInParallel = 1;
				LastSwiftUpdateCheck = 1410;
				LastUpgradeCheck = 1410;
				TargetAttributes = {
					EA7E7358298594D500C662F8 = {
						CreatedOnToolsVersion = 14.1;
					};
					EAC427F92989CB0D00F0B2F0 = {
						CreatedOnToolsVersion = 14.1;
						TestTargetID = EA7E7358298594D500C662F8;
					};
				};
			};
			buildConfigurationList = EA7E7354298594D500C662F8 /* Build configuration list for PBXProject "MyNextWeek" */;
			compatibilityVersion = "Xcode 14.0";
			developmentRegion = en;
			hasScannedForEncodings = 0;
			knownRegions = (
				en,
				Base,
			);
			mainGroup = EA7E7350298594D500C662F8;
			productRefGroup = EA7E735A298594D500C662F8 /* Products */;
			projectDirPath = "";
			projectRoot = "";
			targets = (
				EA7E7358298594D500C662F8 /* MyNextWeek */,
				EAC427F92989CB0D00F0B2F0 /* MyNextWeekTests */,
			);
		};
/* End PBXProject section */

/* Begin PBXResourcesBuildPhase section */
		EA7E7357298594D500C662F8 /* Resources */ = {
			isa = PBXResourcesBuildPhase;
			buildActionMask = 2147483647;
			files = (
				EA7E7364298594D700C662F8 /* Preview Assets.xcassets in Resources */,
				EAEA227F2986956400561B57 /* Colours.xcassets in Resources */,
				EA7E7361298594D700C662F8 /* Assets.xcassets in Resources */,
			);
			runOnlyForDeploymentPostprocessing = 0;
		};
		EAC427F82989CB0D00F0B2F0 /* Resources */ = {
			isa = PBXResourcesBuildPhase;
			buildActionMask = 2147483647;
			files = (
			);
			runOnlyForDeploymentPostprocessing = 0;
		};
/* End PBXResourcesBuildPhase section */

/* Begin PBXSourcesBuildPhase section */
		EA7E7355298594D500C662F8 /* Sources */ = {
			isa = PBXSourcesBuildPhase;
			buildActionMask = 2147483647;
			files = (
				EAFA49E329859F7200115670 /* ActionDimension.swift in Sources */,
				EAFA49E92985D3E300115670 /* AddActionViewModel.swift in Sources */,
				EAFA49E129859C8500115670 /* AddActionView.swift in Sources */,
				EA7E735F298594D500C662F8 /* ActionTypesView.swift in Sources */,
				EAC428042989CFB900F0B2F0 /* UserDefaultsType.swift in Sources */,
				EAFA49E52985C71800115670 /* EventEditView.swift in Sources */,
				EAFA49E72985D08900115670 /* DayButton.swift in Sources */,
				EAFA49EE2985E3F600115670 /* AddActionTypeView.swift in Sources */,
				EAC428082989D53000F0B2F0 /* EventStorable.swift in Sources */,
				EAEA22832986EBAA00561B57 /* ActionType.swift in Sources */,
				EAEA22812986D79C00561B57 /* ActionTypesViewModel.swift in Sources */,
				EA7E735D298594D500C662F8 /* MyNextWeekApp.swift in Sources */,
			);
			runOnlyForDeploymentPostprocessing = 0;
		};
		EAC427F62989CB0D00F0B2F0 /* Sources */ = {
			isa = PBXSourcesBuildPhase;
			buildActionMask = 2147483647;
			files = (
				EAC428062989D45600F0B2F0 /* AddActionViewModelTests.swift in Sources */,
				EAC427FD2989CB0D00F0B2F0 /* ActionTypesViewModelTests.swift in Sources */,
			);
			runOnlyForDeploymentPostprocessing = 0;
		};
/* End PBXSourcesBuildPhase section */

/* Begin PBXTargetDependency section */
		EAC427FF2989CB0D00F0B2F0 /* PBXTargetDependency */ = {
			isa = PBXTargetDependency;
			target = EA7E7358298594D500C662F8 /* MyNextWeek */;
			targetProxy = EAC427FE2989CB0D00F0B2F0 /* PBXContainerItemProxy */;
		};
/* End PBXTargetDependency section */

/* Begin XCBuildConfiguration section */
		EA7E7365298594D700C662F8 /* Debug */ = {
			isa = XCBuildConfiguration;
			buildSettings = {
				ALWAYS_SEARCH_USER_PATHS = NO;
				CLANG_ANALYZER_NONNULL = YES;
				CLANG_ANALYZER_NUMBER_OBJECT_CONVERSION = YES_AGGRESSIVE;
				CLANG_CXX_LANGUAGE_STANDARD = "gnu++20";
				CLANG_ENABLE_MODULES = YES;
				CLANG_ENABLE_OBJC_ARC = YES;
				CLANG_ENABLE_OBJC_WEAK = YES;
				CLANG_WARN_BLOCK_CAPTURE_AUTORELEASING = YES;
				CLANG_WARN_BOOL_CONVERSION = YES;
				CLANG_WARN_COMMA = YES;
				CLANG_WARN_CONSTANT_CONVERSION = YES;
				CLANG_WARN_DEPRECATED_OBJC_IMPLEMENTATIONS = YES;
				CLANG_WARN_DIRECT_OBJC_ISA_USAGE = YES_ERROR;
				CLANG_WARN_DOCUMENTATION_COMMENTS = YES;
				CLANG_WARN_EMPTY_BODY = YES;
				CLANG_WARN_ENUM_CONVERSION = YES;
				CLANG_WARN_INFINITE_RECURSION = YES;
				CLANG_WARN_INT_CONVERSION = YES;
				CLANG_WARN_NON_LITERAL_NULL_CONVERSION = YES;
				CLANG_WARN_OBJC_IMPLICIT_RETAIN_SELF = YES;
				CLANG_WARN_OBJC_LITERAL_CONVERSION = YES;
				CLANG_WARN_OBJC_ROOT_CLASS = YES_ERROR;
				CLANG_WARN_QUOTED_INCLUDE_IN_FRAMEWORK_HEADER = YES;
				CLANG_WARN_RANGE_LOOP_ANALYSIS = YES;
				CLANG_WARN_STRICT_PROTOTYPES = YES;
				CLANG_WARN_SUSPICIOUS_MOVE = YES;
				CLANG_WARN_UNGUARDED_AVAILABILITY = YES_AGGRESSIVE;
				CLANG_WARN_UNREACHABLE_CODE = YES;
				CLANG_WARN__DUPLICATE_METHOD_MATCH = YES;
				COPY_PHASE_STRIP = NO;
				DEBUG_INFORMATION_FORMAT = dwarf;
				ENABLE_STRICT_OBJC_MSGSEND = YES;
				ENABLE_TESTABILITY = YES;
				GCC_C_LANGUAGE_STANDARD = gnu11;
				GCC_DYNAMIC_NO_PIC = NO;
				GCC_NO_COMMON_BLOCKS = YES;
				GCC_OPTIMIZATION_LEVEL = 0;
				GCC_PREPROCESSOR_DEFINITIONS = (
					"DEBUG=1",
					"$(inherited)",
				);
				GCC_WARN_64_TO_32_BIT_CONVERSION = YES;
				GCC_WARN_ABOUT_RETURN_TYPE = YES_ERROR;
				GCC_WARN_UNDECLARED_SELECTOR = YES;
				GCC_WARN_UNINITIALIZED_AUTOS = YES_AGGRESSIVE;
				GCC_WARN_UNUSED_FUNCTION = YES;
				GCC_WARN_UNUSED_VARIABLE = YES;
				IPHONEOS_DEPLOYMENT_TARGET = 16.1;
				MTL_ENABLE_DEBUG_INFO = INCLUDE_SOURCE;
				MTL_FAST_MATH = YES;
				ONLY_ACTIVE_ARCH = YES;
				SDKROOT = iphoneos;
				SWIFT_ACTIVE_COMPILATION_CONDITIONS = DEBUG;
				SWIFT_OPTIMIZATION_LEVEL = "-Onone";
			};
			name = Debug;
		};
		EA7E7366298594D700C662F8 /* Release */ = {
			isa = XCBuildConfiguration;
			buildSettings = {
				ALWAYS_SEARCH_USER_PATHS = NO;
				CLANG_ANALYZER_NONNULL = YES;
				CLANG_ANALYZER_NUMBER_OBJECT_CONVERSION = YES_AGGRESSIVE;
				CLANG_CXX_LANGUAGE_STANDARD = "gnu++20";
				CLANG_ENABLE_MODULES = YES;
				CLANG_ENABLE_OBJC_ARC = YES;
				CLANG_ENABLE_OBJC_WEAK = YES;
				CLANG_WARN_BLOCK_CAPTURE_AUTORELEASING = YES;
				CLANG_WARN_BOOL_CONVERSION = YES;
				CLANG_WARN_COMMA = YES;
				CLANG_WARN_CONSTANT_CONVERSION = YES;
				CLANG_WARN_DEPRECATED_OBJC_IMPLEMENTATIONS = YES;
				CLANG_WARN_DIRECT_OBJC_ISA_USAGE = YES_ERROR;
				CLANG_WARN_DOCUMENTATION_COMMENTS = YES;
				CLANG_WARN_EMPTY_BODY = YES;
				CLANG_WARN_ENUM_CONVERSION = YES;
				CLANG_WARN_INFINITE_RECURSION = YES;
				CLANG_WARN_INT_CONVERSION = YES;
				CLANG_WARN_NON_LITERAL_NULL_CONVERSION = YES;
				CLANG_WARN_OBJC_IMPLICIT_RETAIN_SELF = YES;
				CLANG_WARN_OBJC_LITERAL_CONVERSION = YES;
				CLANG_WARN_OBJC_ROOT_CLASS = YES_ERROR;
				CLANG_WARN_QUOTED_INCLUDE_IN_FRAMEWORK_HEADER = YES;
				CLANG_WARN_RANGE_LOOP_ANALYSIS = YES;
				CLANG_WARN_STRICT_PROTOTYPES = YES;
				CLANG_WARN_SUSPICIOUS_MOVE = YES;
				CLANG_WARN_UNGUARDED_AVAILABILITY = YES_AGGRESSIVE;
				CLANG_WARN_UNREACHABLE_CODE = YES;
				CLANG_WARN__DUPLICATE_METHOD_MATCH = YES;
				COPY_PHASE_STRIP = NO;
				DEBUG_INFORMATION_FORMAT = "dwarf-with-dsym";
				ENABLE_NS_ASSERTIONS = NO;
				ENABLE_STRICT_OBJC_MSGSEND = YES;
				GCC_C_LANGUAGE_STANDARD = gnu11;
				GCC_NO_COMMON_BLOCKS = YES;
				GCC_WARN_64_TO_32_BIT_CONVERSION = YES;
				GCC_WARN_ABOUT_RETURN_TYPE = YES_ERROR;
				GCC_WARN_UNDECLARED_SELECTOR = YES;
				GCC_WARN_UNINITIALIZED_AUTOS = YES_AGGRESSIVE;
				GCC_WARN_UNUSED_FUNCTION = YES;
				GCC_WARN_UNUSED_VARIABLE = YES;
				IPHONEOS_DEPLOYMENT_TARGET = 16.1;
				MTL_ENABLE_DEBUG_INFO = NO;
				MTL_FAST_MATH = YES;
				SDKROOT = iphoneos;
				SWIFT_COMPILATION_MODE = wholemodule;
				SWIFT_OPTIMIZATION_LEVEL = "-O";
				VALIDATE_PRODUCT = YES;
			};
			name = Release;
		};
		EA7E7368298594D700C662F8 /* Debug */ = {
			isa = XCBuildConfiguration;
			buildSettings = {
				ASSETCATALOG_COMPILER_APPICON_NAME = AppIcon;
				ASSETCATALOG_COMPILER_GLOBAL_ACCENT_COLOR_NAME = AccentColor;
				CODE_SIGN_STYLE = Automatic;
				CURRENT_PROJECT_VERSION = 1;
				DEVELOPMENT_ASSET_PATHS = "\"MyNextWeek/Preview Content\"";
				DEVELOPMENT_TEAM = 6BTW6RT2T4;
				ENABLE_PREVIEWS = YES;
				GENERATE_INFOPLIST_FILE = YES;
				INFOPLIST_KEY_NSCalendarsUsageDescription = "We need to access your calendar to add actions selecting in the app.";
				INFOPLIST_KEY_NSContactsUsageDescription = "We need to access your contacts to list calendars to pick from.";
				INFOPLIST_KEY_UIApplicationSceneManifest_Generation = YES;
				INFOPLIST_KEY_UIApplicationSupportsIndirectInputEvents = YES;
				INFOPLIST_KEY_UILaunchScreen_Generation = YES;
				INFOPLIST_KEY_UISupportedInterfaceOrientations_iPad = "UIInterfaceOrientationPortrait UIInterfaceOrientationPortraitUpsideDown UIInterfaceOrientationLandscapeLeft UIInterfaceOrientationLandscapeRight";
				INFOPLIST_KEY_UISupportedInterfaceOrientations_iPhone = "UIInterfaceOrientationPortrait UIInterfaceOrientationLandscapeLeft UIInterfaceOrientationLandscapeRight";
				LD_RUNPATH_SEARCH_PATHS = (
					"$(inherited)",
					"@executable_path/Frameworks",
				);
				MARKETING_VERSION = 1.0;
				PRODUCT_BUNDLE_IDENTIFIER = com.tonyshort.mynextweek.MyNextWeek;
				PRODUCT_NAME = "$(TARGET_NAME)";
				SWIFT_EMIT_LOC_STRINGS = YES;
				SWIFT_VERSION = 5.0;
				TARGETED_DEVICE_FAMILY = "1,2";
			};
			name = Debug;
		};
		EA7E7369298594D700C662F8 /* Release */ = {
			isa = XCBuildConfiguration;
			buildSettings = {
				ASSETCATALOG_COMPILER_APPICON_NAME = AppIcon;
				ASSETCATALOG_COMPILER_GLOBAL_ACCENT_COLOR_NAME = AccentColor;
				CODE_SIGN_STYLE = Automatic;
				CURRENT_PROJECT_VERSION = 1;
				DEVELOPMENT_ASSET_PATHS = "\"MyNextWeek/Preview Content\"";
				DEVELOPMENT_TEAM = 6BTW6RT2T4;
				ENABLE_PREVIEWS = YES;
				GENERATE_INFOPLIST_FILE = YES;
				INFOPLIST_KEY_NSCalendarsUsageDescription = "We need to access your calendar to add actions selecting in the app.";
				INFOPLIST_KEY_NSContactsUsageDescription = "We need to access your contacts to list calendars to pick from.";
				INFOPLIST_KEY_UIApplicationSceneManifest_Generation = YES;
				INFOPLIST_KEY_UIApplicationSupportsIndirectInputEvents = YES;
				INFOPLIST_KEY_UILaunchScreen_Generation = YES;
				INFOPLIST_KEY_UISupportedInterfaceOrientations_iPad = "UIInterfaceOrientationPortrait UIInterfaceOrientationPortraitUpsideDown UIInterfaceOrientationLandscapeLeft UIInterfaceOrientationLandscapeRight";
				INFOPLIST_KEY_UISupportedInterfaceOrientations_iPhone = "UIInterfaceOrientationPortrait UIInterfaceOrientationLandscapeLeft UIInterfaceOrientationLandscapeRight";
				LD_RUNPATH_SEARCH_PATHS = (
					"$(inherited)",
					"@executable_path/Frameworks",
				);
				MARKETING_VERSION = 1.0;
				PRODUCT_BUNDLE_IDENTIFIER = com.tonyshort.mynextweek.MyNextWeek;
				PRODUCT_NAME = "$(TARGET_NAME)";
				SWIFT_EMIT_LOC_STRINGS = YES;
				SWIFT_VERSION = 5.0;
				TARGETED_DEVICE_FAMILY = "1,2";
			};
			name = Release;
		};
		EAC428012989CB0D00F0B2F0 /* Debug */ = {
			isa = XCBuildConfiguration;
			buildSettings = {
				BUNDLE_LOADER = "$(TEST_HOST)";
				CODE_SIGN_STYLE = Automatic;
				CURRENT_PROJECT_VERSION = 1;
				DEVELOPMENT_TEAM = 6BTW6RT2T4;
				GENERATE_INFOPLIST_FILE = YES;
				IPHONEOS_DEPLOYMENT_TARGET = 16.1;
				MACOSX_DEPLOYMENT_TARGET = 12.6;
				MARKETING_VERSION = 1.0;
				PRODUCT_BUNDLE_IDENTIFIER = com.tonyshort.mynextweek.MyNextWeekTests;
				PRODUCT_NAME = "$(TARGET_NAME)";
				SDKROOT = auto;
				SUPPORTED_PLATFORMS = "iphoneos iphonesimulator macosx";
				SWIFT_EMIT_LOC_STRINGS = NO;
				SWIFT_VERSION = 5.0;
				TARGETED_DEVICE_FAMILY = "1,2";
				TEST_HOST = "$(BUILT_PRODUCTS_DIR)/MyNextWeek.app/$(BUNDLE_EXECUTABLE_FOLDER_PATH)/MyNextWeek";
			};
			name = Debug;
		};
		EAC428022989CB0D00F0B2F0 /* Release */ = {
			isa = XCBuildConfiguration;
			buildSettings = {
				BUNDLE_LOADER = "$(TEST_HOST)";
				CODE_SIGN_STYLE = Automatic;
				CURRENT_PROJECT_VERSION = 1;
				DEVELOPMENT_TEAM = 6BTW6RT2T4;
				GENERATE_INFOPLIST_FILE = YES;
				IPHONEOS_DEPLOYMENT_TARGET = 16.1;
				MACOSX_DEPLOYMENT_TARGET = 12.6;
				MARKETING_VERSION = 1.0;
				PRODUCT_BUNDLE_IDENTIFIER = com.tonyshort.mynextweek.MyNextWeekTests;
				PRODUCT_NAME = "$(TARGET_NAME)";
				SDKROOT = auto;
				SUPPORTED_PLATFORMS = "iphoneos iphonesimulator macosx";
				SWIFT_EMIT_LOC_STRINGS = NO;
				SWIFT_VERSION = 5.0;
				TARGETED_DEVICE_FAMILY = "1,2";
				TEST_HOST = "$(BUILT_PRODUCTS_DIR)/MyNextWeek.app/$(BUNDLE_EXECUTABLE_FOLDER_PATH)/MyNextWeek";
			};
			name = Release;
		};
/* End XCBuildConfiguration section */

/* Begin XCConfigurationList section */
		EA7E7354298594D500C662F8 /* Build configuration list for PBXProject "MyNextWeek" */ = {
			isa = XCConfigurationList;
			buildConfigurations = (
				EA7E7365298594D700C662F8 /* Debug */,
				EA7E7366298594D700C662F8 /* Release */,
			);
			defaultConfigurationIsVisible = 0;
			defaultConfigurationName = Release;
		};
		EA7E7367298594D700C662F8 /* Build configuration list for PBXNativeTarget "MyNextWeek" */ = {
			isa = XCConfigurationList;
			buildConfigurations = (
				EA7E7368298594D700C662F8 /* Debug */,
				EA7E7369298594D700C662F8 /* Release */,
			);
			defaultConfigurationIsVisible = 0;
			defaultConfigurationName = Release;
		};
		EAC428002989CB0D00F0B2F0 /* Build configuration list for PBXNativeTarget "MyNextWeekTests" */ = {
			isa = XCConfigurationList;
			buildConfigurations = (
				EAC428012989CB0D00F0B2F0 /* Debug */,
				EAC428022989CB0D00F0B2F0 /* Release */,
			);
			defaultConfigurationIsVisible = 0;
			defaultConfigurationName = Release;
		};
/* End XCConfigurationList section */
	};
	rootObject = EA7E7351298594D500C662F8 /* Project object */;
}
